
Microsoft Visual Studio Solution File, Format Version 12.00
# Visual Studio Version 17
VisualStudioVersion = 17.10.35122.118
MinimumVisualStudioVersion = 10.0.40219.1
Project("{9A19103F-16F7-4668-BE54-9A1E7A4F7556}") = "Bibliotekssystem", "Bibliotekssystem\Bibliotekssystem.csproj", "{90D24D20-EEBE-400C-AB82-2FB9DA609BA8}"
EndProject
Project("{FAE04EC0-301F-11D3-BF4B-00C04F79EFBC}") = "UnitTest Bibliotekssystem", "UnitTest Bibliotekssystem\UnitTest Bibliotekssystem.csproj", "{20F96E14-5F5D-4E1A-87B6-60ABD9C3B130}"
EndProject
Global
	GlobalSection(SolutionConfigurationPlatforms) = preSolution
		Debug|Any CPU = Debug|Any CPU
		Release|Any CPU = Release|Any CPU
	EndGlobalSection
	GlobalSection(ProjectConfigurationPlatforms) = postSolution
		{90D24D20-EEBE-400C-AB82-2FB9DA609BA8}.Debug|Any CPU.ActiveCfg = Debug|Any CPU
		{90D24D20-EEBE-400C-AB82-2FB9DA609BA8}.Debug|Any CPU.Build.0 = Debug|Any CPU
		{90D24D20-EEBE-400C-AB82-2FB9DA609BA8}.Release|Any CPU.ActiveCfg = Release|Any CPU
		{90D24D20-EEBE-400C-AB82-2FB9DA609BA8}.Release|Any CPU.Build.0 = Release|Any CPU
		{20F96E14-5F5D-4E1A-87B6-60ABD9C3B130}.Debug|Any CPU.ActiveCfg = Debug|Any CPU
		{20F96E14-5F5D-4E1A-87B6-60ABD9C3B130}.Debug|Any CPU.Build.0 = Debug|Any CPU
		{20F96E14-5F5D-4E1A-87B6-60ABD9C3B130}.Release|Any CPU.ActiveCfg = Release|Any CPU
		{20F96E14-5F5D-4E1A-87B6-60ABD9C3B130}.Release|Any CPU.Build.0 = Release|Any CPU
	EndGlobalSection
	GlobalSection(SolutionProperties) = preSolution
		HideSolutionNode = FALSE
	EndGlobalSection
	GlobalSection(ExtensibilityGlobals) = postSolution
		SolutionGuid = {BF5938C1-434D-4662-B321-F08AA79681A5}
	EndGlobalSection
EndGlobal
